
Microsoft Visual Studio Solution File, Format Version 12.00
# Visual Studio 15
VisualStudioVersion = 15.0.27130.2036
MinimumVisualStudioVersion = 10.0.40219.1
Project("{FAE04EC0-301F-11D3-BF4B-00C04F79EFBC}") = "CA_SimpleMonsterClasses.Str", "CA_SimpleMonsterClasses.Str\CA_SimpleMonsterClasses.Str.csproj", "{15B1B811-75CF-4AD7-B7D4-74F31168662C}"
EndProject
Global
	GlobalSection(SolutionConfigurationPlatforms) = preSolution
		Debug|Any CPU = Debug|Any CPU
		Release|Any CPU = Release|Any CPU
	EndGlobalSection
	GlobalSection(ProjectConfigurationPlatforms) = postSolution
		{15B1B811-75CF-4AD7-B7D4-74F31168662C}.Debug|Any CPU.ActiveCfg = Debug|Any CPU
		{15B1B811-75CF-4AD7-B7D4-74F31168662C}.Debug|Any CPU.Build.0 = Debug|Any CPU
		{15B1B811-75CF-4AD7-B7D4-74F31168662C}.Release|Any CPU.ActiveCfg = Release|Any CPU
		{15B1B811-75CF-4AD7-B7D4-74F31168662C}.Release|Any CPU.Build.0 = Release|Any CPU
	EndGlobalSection
	GlobalSection(SolutionProperties) = preSolution
		HideSolutionNode = FALSE
	EndGlobalSection
	GlobalSection(ExtensibilityGlobals) = postSolution
		SolutionGuid = {83183D2A-3B78-4AEA-8DF3-0906FFBDF2E9}
	EndGlobalSection
EndGlobal
